
Microsoft Visual Studio Solution File, Format Version 12.00
# Visual Studio Version 17
VisualStudioVersion = 17.9.34701.34
MinimumVisualStudioVersion = 10.0.40219.1
Project("{9A19103F-16F7-4668-BE54-9A1E7A4F7556}") = "AccountOwnerServer", "AccountOwnerServer\AccountOwnerServer.csproj", "{017B7F06-321B-478A-B5CF-3A583029B954}"
EndProject
Project("{9A19103F-16F7-4668-BE54-9A1E7A4F7556}") = "Contracts", "Contracts\Contracts.csproj", "{7EA91B40-D7B5-4AAD-9D8A-D87F9CD5DC9E}"
EndProject
Project("{9A19103F-16F7-4668-BE54-9A1E7A4F7556}") = "LoggerService", "LoggerService\LoggerService.csproj", "{E767E49A-3235-4381-BAE9-84AC06019001}"
EndProject
Project("{9A19103F-16F7-4668-BE54-9A1E7A4F7556}") = "Entities", "Entities\Entities.csproj", "{E1C66B1A-F79A-4520-9D6C-9381042B7CCD}"
EndProject
Project("{9A19103F-16F7-4668-BE54-9A1E7A4F7556}") = "Repository", "Repository\Repository.csproj", "{F9EC0683-B9B0-4464-919C-D9AD696C311C}"
EndProject
Project("{9A19103F-16F7-4668-BE54-9A1E7A4F7556}") = "Services", "Services\Services.csproj", "{8088C3C1-050D-4C7A-B321-575C9C201C12}"
EndProject
Project("{2150E333-8FDC-42A3-9474-1A3956D46DE8}") = "Core", "Core", "{C9AE29A9-4F15-42D5-A676-9784FA697E7C}"
EndProject
Project("{2150E333-8FDC-42A3-9474-1A3956D46DE8}") = "Infrastructure", "Infrastructure", "{460C4B30-A51D-49B5-B861-24D048B1BA13}"
EndProject
Global
	GlobalSection(SolutionConfigurationPlatforms) = preSolution
		Debug|Any CPU = Debug|Any CPU
		Release|Any CPU = Release|Any CPU
	EndGlobalSection
	GlobalSection(ProjectConfigurationPlatforms) = postSolution
		{017B7F06-321B-478A-B5CF-3A583029B954}.Debug|Any CPU.ActiveCfg = Debug|Any CPU
		{017B7F06-321B-478A-B5CF-3A583029B954}.Debug|Any CPU.Build.0 = Debug|Any CPU
		{017B7F06-321B-478A-B5CF-3A583029B954}.Release|Any CPU.ActiveCfg = Release|Any CPU
		{017B7F06-321B-478A-B5CF-3A583029B954}.Release|Any CPU.Build.0 = Release|Any CPU
		{7EA91B40-D7B5-4AAD-9D8A-D87F9CD5DC9E}.Debug|Any CPU.ActiveCfg = Debug|Any CPU
		{7EA91B40-D7B5-4AAD-9D8A-D87F9CD5DC9E}.Debug|Any CPU.Build.0 = Debug|Any CPU
		{7EA91B40-D7B5-4AAD-9D8A-D87F9CD5DC9E}.Release|Any CPU.ActiveCfg = Release|Any CPU
		{7EA91B40-D7B5-4AAD-9D8A-D87F9CD5DC9E}.Release|Any CPU.Build.0 = Release|Any CPU
		{E767E49A-3235-4381-BAE9-84AC06019001}.Debug|Any CPU.ActiveCfg = Debug|Any CPU
		{E767E49A-3235-4381-BAE9-84AC06019001}.Debug|Any CPU.Build.0 = Debug|Any CPU
		{E767E49A-3235-4381-BAE9-84AC06019001}.Release|Any CPU.ActiveCfg = Release|Any CPU
		{E767E49A-3235-4381-BAE9-84AC06019001}.Release|Any CPU.Build.0 = Release|Any CPU
		{E1C66B1A-F79A-4520-9D6C-9381042B7CCD}.Debug|Any CPU.ActiveCfg = Debug|Any CPU
		{E1C66B1A-F79A-4520-9D6C-9381042B7CCD}.Debug|Any CPU.Build.0 = Debug|Any CPU
		{E1C66B1A-F79A-4520-9D6C-9381042B7CCD}.Release|Any CPU.ActiveCfg = Release|Any CPU
		{E1C66B1A-F79A-4520-9D6C-9381042B7CCD}.Release|Any CPU.Build.0 = Release|Any CPU
		{F9EC0683-B9B0-4464-919C-D9AD696C311C}.Debug|Any CPU.ActiveCfg = Debug|Any CPU
		{F9EC0683-B9B0-4464-919C-D9AD696C311C}.Debug|Any CPU.Build.0 = Debug|Any CPU
		{F9EC0683-B9B0-4464-919C-D9AD696C311C}.Release|Any CPU.ActiveCfg = Release|Any CPU
		{F9EC0683-B9B0-4464-919C-D9AD696C311C}.Release|Any CPU.Build.0 = Release|Any CPU
		{8088C3C1-050D-4C7A-B321-575C9C201C12}.Debug|Any CPU.ActiveCfg = Debug|Any CPU
		{8088C3C1-050D-4C7A-B321-575C9C201C12}.Debug|Any CPU.Build.0 = Debug|Any CPU
		{8088C3C1-050D-4C7A-B321-575C9C201C12}.Release|Any CPU.ActiveCfg = Release|Any CPU
		{8088C3C1-050D-4C7A-B321-575C9C201C12}.Release|Any CPU.Build.0 = Release|Any CPU
	EndGlobalSection
	GlobalSection(SolutionProperties) = preSolution
		HideSolutionNode = FALSE
	EndGlobalSection
	GlobalSection(ExtensibilityGlobals) = postSolution
		SolutionGuid = {17B11A51-0883-42F7-B268-0BC9D7D390B6}
	EndGlobalSection
EndGlobal
